
Microsoft Visual Studio Solution File, Format Version 12.00
# Visual Studio Version 17
VisualStudioVersion = 17.9.34622.214
MinimumVisualStudioVersion = 10.0.40219.1
Project("{2150E333-8FDC-42A3-9474-1A3956D46DE8}") = "CommonGroups", "CommonGroups", "{0FDF48C9-75BE-42BC-9F6D-DF148636F074}"
EndProject
Project("{9A19103F-16F7-4668-BE54-9A1E7A4F7556}") = "AnyDBConfigProvider", "AnyDBConfigProvider\AnyDBConfigProvider.csproj", "{24AD7DAF-65A0-4EF8-A261-A90813E94F80}"
EndProject
Project("{9A19103F-16F7-4668-BE54-9A1E7A4F7556}") = "ASPNETCore", "ASPNETCore\ASPNETCore.csproj", "{E6EAA213-2C6D-4815-B185-63FC8490EB45}"
EndProject
Project("{9A19103F-16F7-4668-BE54-9A1E7A4F7556}") = "Commons", "Commons\Commons.csproj", "{3DA527D2-361D-4ACF-817C-BD64C5F7AF8D}"
EndProject
Project("{9A19103F-16F7-4668-BE54-9A1E7A4F7556}") = "Domain", "DomainServices\Domain.csproj", "{CD99476F-D013-4184-A879-57B5B90AA85C}"
EndProject
Project("{9A19103F-16F7-4668-BE54-9A1E7A4F7556}") = "Jwt", "Jwt\Jwt.csproj", "{2EE921D1-3091-469D-AC3C-6B3A060C836F}"
EndProject
Project("{9A19103F-16F7-4668-BE54-9A1E7A4F7556}") = "EventBus", "EventBus\EventBus.csproj", "{7239F95B-9A8C-4963-BF3E-4525460ED70B}"
EndProject
Project("{9A19103F-16F7-4668-BE54-9A1E7A4F7556}") = "Infrastructure", "Infrastructure\Infrastructure.csproj", "{99CEEA2B-9BBF-47D8-8650-738EB081521E}"
EndProject
Project("{9A19103F-16F7-4668-BE54-9A1E7A4F7556}") = "CommonInitializer", "CommonInitializer\CommonInitializer.csproj", "{42EAED08-5679-4DD9-97B8-B033FB817C3F}"
EndProject
Project("{2150E333-8FDC-42A3-9474-1A3956D46DE8}") = "FileService", "FileService", "{F5B13C03-E742-4C6C-94B0-B3AD8F2D514D}"
EndProject
Project("{9A19103F-16F7-4668-BE54-9A1E7A4F7556}") = "FileService.Domain", "FileDomain\FileService.Domain.csproj", "{2715E94F-F2EB-4CC5-A88F-3809E5BF8686}"
EndProject
Project("{9A19103F-16F7-4668-BE54-9A1E7A4F7556}") = "FileService.Infrastructure", "FileService.Infrastructure\FileService.Infrastructure.csproj", "{84994A30-06F6-4E72-83B8-EAC13940B3DB}"
EndProject
Project("{9A19103F-16F7-4668-BE54-9A1E7A4F7556}") = "FileService.WebAPI", "FileService.WebAPI\FileService.WebAPI.csproj", "{1DDF272B-84CC-49E4-9213-9BB6AA68C793}"
EndProject
Project("{9A19103F-16F7-4668-BE54-9A1E7A4F7556}") = "FileService.SDK.NETCore", "FileService.SDK.NETCore\FileService.SDK.NETCore.csproj", "{90313D6C-DFBC-4AFE-8B10-8611BF1CDD79}"
EndProject
Project("{2150E333-8FDC-42A3-9474-1A3956D46DE8}") = "IdentityService", "IdentityService", "{28414C44-B8CF-44FE-8CA4-D7CFF863B31B}"
EndProject
Project("{9A19103F-16F7-4668-BE54-9A1E7A4F7556}") = "IdentityService.Domain", "IdentityService.Domain\IdentityService.Domain.csproj", "{B2B635E0-C78B-44BE-A203-0C7FFB36D3E0}"
EndProject
Project("{9A19103F-16F7-4668-BE54-9A1E7A4F7556}") = "IdentityService.Infrastructure", "IdentityService.Infrastructure\IdentityService.Infrastructure.csproj", "{77F014CB-8F52-4B20-BAC0-F639A2AC201F}"
EndProject
Project("{9A19103F-16F7-4668-BE54-9A1E7A4F7556}") = "IdentityService.WebAPI", "IdentityService.WebAPI\IdentityService.WebAPI.csproj", "{2E24A190-6DE5-40A5-83B4-8711A45704F8}"
EndProject
Project("{2150E333-8FDC-42A3-9474-1A3956D46DE8}") = "ListeningService", "ListeningService", "{39834AF4-E1C2-462F-9653-C2E973640179}"
EndProject
Project("{9A19103F-16F7-4668-BE54-9A1E7A4F7556}") = "Listening.Domain", "Listening.Domain\Listening.Domain.csproj", "{68ABEE60-E6BC-4987-9351-EDB5774E57CD}"
EndProject
Project("{9A19103F-16F7-4668-BE54-9A1E7A4F7556}") = "Listening.Infrastructure", "Listening.Infrastructure\Listening.Infrastructure.csproj", "{7EA965EC-277C-4ACB-BEC9-8FAAF9E42204}"
EndProject
Project("{9A19103F-16F7-4668-BE54-9A1E7A4F7556}") = "Listening.Admin.WebAPI", "Listening.Admin.WebAPI\Listening.Admin.WebAPI.csproj", "{E448F06E-C6D5-4385-BF65-EAE4549925DC}"
EndProject
Project("{9A19103F-16F7-4668-BE54-9A1E7A4F7556}") = "Listening.Main.WebAPI", "Listening.Main.WebAPI\Listening.Main.WebAPI.csproj", "{FCB25778-D758-4A31-AF61-B52F215F489D}"
EndProject
Project("{2150E333-8FDC-42A3-9474-1A3956D46DE8}") = "MediaEncoderService", "MediaEncoderService", "{912875F2-D647-4F28-BCA8-5D4CB29627E7}"
EndProject
Project("{FAE04EC0-301F-11D3-BF4B-00C04F79EFBC}") = "MediaEncoder.Domain", "MediaEncoder.Domain\MediaEncoder.Domain.csproj", "{2C62BC0A-2EB9-4449-825F-D3F444F1CF22}"
EndProject
Project("{FAE04EC0-301F-11D3-BF4B-00C04F79EFBC}") = "MediaEncoder.Infrastructure", "MediaEncoder.Infrastructure\MediaEncoder.Infrastructure.csproj", "{4D42DA0A-5E87-4F49-B132-3AE2EF065A92}"
EndProject
Project("{FAE04EC0-301F-11D3-BF4B-00C04F79EFBC}") = "MediaEncoder.WebAPI", "MediaEncoder.WebAPI\MediaEncoder.WebAPI.csproj", "{7FAF4FE6-0ECF-4C23-B61F-96C3903362B8}"
EndProject
Project("{2150E333-8FDC-42A3-9474-1A3956D46DE8}") = "SearchService", "SearchService", "{DE9A9CE9-BBDB-4BBD-9B13-AD1E6035BAE8}"
EndProject
Project("{FAE04EC0-301F-11D3-BF4B-00C04F79EFBC}") = "SearchService.Domain", "SearchService.Domain\SearchService.Domain.csproj", "{55A8F3F1-7051-4FBB-9682-08D3075A3CD0}"
EndProject
Project("{FAE04EC0-301F-11D3-BF4B-00C04F79EFBC}") = "SearchService.Infrastructure", "SearchService.Infrastructure\SearchService.Infrastructure.csproj", "{13064DEF-F35A-49AA-98C3-68C77CD90322}"
EndProject
Project("{FAE04EC0-301F-11D3-BF4B-00C04F79EFBC}") = "SearchService.WebAPI", "SearchService.WebAPI\SearchService.WebAPI.csproj", "{7CB5A0F7-722A-4CD6-B063-462606748C5B}"
EndProject
Global
	GlobalSection(SolutionConfigurationPlatforms) = preSolution
		Debug|Any CPU = Debug|Any CPU
		Release|Any CPU = Release|Any CPU
	EndGlobalSection
	GlobalSection(ProjectConfigurationPlatforms) = postSolution
		{24AD7DAF-65A0-4EF8-A261-A90813E94F80}.Debug|Any CPU.ActiveCfg = Debug|Any CPU
		{24AD7DAF-65A0-4EF8-A261-A90813E94F80}.Debug|Any CPU.Build.0 = Debug|Any CPU
		{24AD7DAF-65A0-4EF8-A261-A90813E94F80}.Release|Any CPU.ActiveCfg = Release|Any CPU
		{24AD7DAF-65A0-4EF8-A261-A90813E94F80}.Release|Any CPU.Build.0 = Release|Any CPU
		{E6EAA213-2C6D-4815-B185-63FC8490EB45}.Debug|Any CPU.ActiveCfg = Debug|Any CPU
		{E6EAA213-2C6D-4815-B185-63FC8490EB45}.Debug|Any CPU.Build.0 = Debug|Any CPU
		{E6EAA213-2C6D-4815-B185-63FC8490EB45}.Release|Any CPU.ActiveCfg = Release|Any CPU
		{E6EAA213-2C6D-4815-B185-63FC8490EB45}.Release|Any CPU.Build.0 = Release|Any CPU
		{3DA527D2-361D-4ACF-817C-BD64C5F7AF8D}.Debug|Any CPU.ActiveCfg = Debug|Any CPU
		{3DA527D2-361D-4ACF-817C-BD64C5F7AF8D}.Debug|Any CPU.Build.0 = Debug|Any CPU
		{3DA527D2-361D-4ACF-817C-BD64C5F7AF8D}.Release|Any CPU.ActiveCfg = Release|Any CPU
		{3DA527D2-361D-4ACF-817C-BD64C5F7AF8D}.Release|Any CPU.Build.0 = Release|Any CPU
		{CD99476F-D013-4184-A879-57B5B90AA85C}.Debug|Any CPU.ActiveCfg = Debug|Any CPU
		{CD99476F-D013-4184-A879-57B5B90AA85C}.Debug|Any CPU.Build.0 = Debug|Any CPU
		{CD99476F-D013-4184-A879-57B5B90AA85C}.Release|Any CPU.ActiveCfg = Release|Any CPU
		{CD99476F-D013-4184-A879-57B5B90AA85C}.Release|Any CPU.Build.0 = Release|Any CPU
		{2EE921D1-3091-469D-AC3C-6B3A060C836F}.Debug|Any CPU.ActiveCfg = Debug|Any CPU
		{2EE921D1-3091-469D-AC3C-6B3A060C836F}.Debug|Any CPU.Build.0 = Debug|Any CPU
		{2EE921D1-3091-469D-AC3C-6B3A060C836F}.Release|Any CPU.ActiveCfg = Release|Any CPU
		{2EE921D1-3091-469D-AC3C-6B3A060C836F}.Release|Any CPU.Build.0 = Release|Any CPU
		{7239F95B-9A8C-4963-BF3E-4525460ED70B}.Debug|Any CPU.ActiveCfg = Debug|Any CPU
		{7239F95B-9A8C-4963-BF3E-4525460ED70B}.Debug|Any CPU.Build.0 = Debug|Any CPU
		{7239F95B-9A8C-4963-BF3E-4525460ED70B}.Release|Any CPU.ActiveCfg = Release|Any CPU
		{7239F95B-9A8C-4963-BF3E-4525460ED70B}.Release|Any CPU.Build.0 = Release|Any CPU
		{99CEEA2B-9BBF-47D8-8650-738EB081521E}.Debug|Any CPU.ActiveCfg = Debug|Any CPU
		{99CEEA2B-9BBF-47D8-8650-738EB081521E}.Debug|Any CPU.Build.0 = Debug|Any CPU
		{99CEEA2B-9BBF-47D8-8650-738EB081521E}.Release|Any CPU.ActiveCfg = Release|Any CPU
		{99CEEA2B-9BBF-47D8-8650-738EB081521E}.Release|Any CPU.Build.0 = Release|Any CPU
		{42EAED08-5679-4DD9-97B8-B033FB817C3F}.Debug|Any CPU.ActiveCfg = Debug|Any CPU
		{42EAED08-5679-4DD9-97B8-B033FB817C3F}.Debug|Any CPU.Build.0 = Debug|Any CPU
		{42EAED08-5679-4DD9-97B8-B033FB817C3F}.Release|Any CPU.ActiveCfg = Release|Any CPU
		{42EAED08-5679-4DD9-97B8-B033FB817C3F}.Release|Any CPU.Build.0 = Release|Any CPU
		{2715E94F-F2EB-4CC5-A88F-3809E5BF8686}.Debug|Any CPU.ActiveCfg = Debug|Any CPU
		{2715E94F-F2EB-4CC5-A88F-3809E5BF8686}.Debug|Any CPU.Build.0 = Debug|Any CPU
		{2715E94F-F2EB-4CC5-A88F-3809E5BF8686}.Release|Any CPU.ActiveCfg = Release|Any CPU
		{2715E94F-F2EB-4CC5-A88F-3809E5BF8686}.Release|Any CPU.Build.0 = Release|Any CPU
		{84994A30-06F6-4E72-83B8-EAC13940B3DB}.Debug|Any CPU.ActiveCfg = Debug|Any CPU
		{84994A30-06F6-4E72-83B8-EAC13940B3DB}.Debug|Any CPU.Build.0 = Debug|Any CPU
		{84994A30-06F6-4E72-83B8-EAC13940B3DB}.Release|Any CPU.ActiveCfg = Release|Any CPU
		{84994A30-06F6-4E72-83B8-EAC13940B3DB}.Release|Any CPU.Build.0 = Release|Any CPU
		{1DDF272B-84CC-49E4-9213-9BB6AA68C793}.Debug|Any CPU.ActiveCfg = Debug|Any CPU
		{1DDF272B-84CC-49E4-9213-9BB6AA68C793}.Debug|Any CPU.Build.0 = Debug|Any CPU
		{1DDF272B-84CC-49E4-9213-9BB6AA68C793}.Release|Any CPU.ActiveCfg = Release|Any CPU
		{1DDF272B-84CC-49E4-9213-9BB6AA68C793}.Release|Any CPU.Build.0 = Release|Any CPU
		{90313D6C-DFBC-4AFE-8B10-8611BF1CDD79}.Debug|Any CPU.ActiveCfg = Debug|Any CPU
		{90313D6C-DFBC-4AFE-8B10-8611BF1CDD79}.Debug|Any CPU.Build.0 = Debug|Any CPU
		{90313D6C-DFBC-4AFE-8B10-8611BF1CDD79}.Release|Any CPU.ActiveCfg = Release|Any CPU
		{90313D6C-DFBC-4AFE-8B10-8611BF1CDD79}.Release|Any CPU.Build.0 = Release|Any CPU
		{B2B635E0-C78B-44BE-A203-0C7FFB36D3E0}.Debug|Any CPU.ActiveCfg = Debug|Any CPU
		{B2B635E0-C78B-44BE-A203-0C7FFB36D3E0}.Debug|Any CPU.Build.0 = Debug|Any CPU
		{B2B635E0-C78B-44BE-A203-0C7FFB36D3E0}.Release|Any CPU.ActiveCfg = Release|Any CPU
		{B2B635E0-C78B-44BE-A203-0C7FFB36D3E0}.Release|Any CPU.Build.0 = Release|Any CPU
		{77F014CB-8F52-4B20-BAC0-F639A2AC201F}.Debug|Any CPU.ActiveCfg = Debug|Any CPU
		{77F014CB-8F52-4B20-BAC0-F639A2AC201F}.Debug|Any CPU.Build.0 = Debug|Any CPU
		{77F014CB-8F52-4B20-BAC0-F639A2AC201F}.Release|Any CPU.ActiveCfg = Release|Any CPU
		{77F014CB-8F52-4B20-BAC0-F639A2AC201F}.Release|Any CPU.Build.0 = Release|Any CPU
		{2E24A190-6DE5-40A5-83B4-8711A45704F8}.Debug|Any CPU.ActiveCfg = Debug|Any CPU
		{2E24A190-6DE5-40A5-83B4-8711A45704F8}.Debug|Any CPU.Build.0 = Debug|Any CPU
		{2E24A190-6DE5-40A5-83B4-8711A45704F8}.Release|Any CPU.ActiveCfg = Release|Any CPU
		{2E24A190-6DE5-40A5-83B4-8711A45704F8}.Release|Any CPU.Build.0 = Release|Any CPU
		{68ABEE60-E6BC-4987-9351-EDB5774E57CD}.Debug|Any CPU.ActiveCfg = Debug|Any CPU
		{68ABEE60-E6BC-4987-9351-EDB5774E57CD}.Debug|Any CPU.Build.0 = Debug|Any CPU
		{68ABEE60-E6BC-4987-9351-EDB5774E57CD}.Release|Any CPU.ActiveCfg = Release|Any CPU
		{68ABEE60-E6BC-4987-9351-EDB5774E57CD}.Release|Any CPU.Build.0 = Release|Any CPU
		{7EA965EC-277C-4ACB-BEC9-8FAAF9E42204}.Debug|Any CPU.ActiveCfg = Debug|Any CPU
		{7EA965EC-277C-4ACB-BEC9-8FAAF9E42204}.Debug|Any CPU.Build.0 = Debug|Any CPU
		{7EA965EC-277C-4ACB-BEC9-8FAAF9E42204}.Release|Any CPU.ActiveCfg = Release|Any CPU
		{7EA965EC-277C-4ACB-BEC9-8FAAF9E42204}.Release|Any CPU.Build.0 = Release|Any CPU
		{E448F06E-C6D5-4385-BF65-EAE4549925DC}.Debug|Any CPU.ActiveCfg = Debug|Any CPU
		{E448F06E-C6D5-4385-BF65-EAE4549925DC}.Debug|Any CPU.Build.0 = Debug|Any CPU
		{E448F06E-C6D5-4385-BF65-EAE4549925DC}.Release|Any CPU.ActiveCfg = Release|Any CPU
		{E448F06E-C6D5-4385-BF65-EAE4549925DC}.Release|Any CPU.Build.0 = Release|Any CPU
		{FCB25778-D758-4A31-AF61-B52F215F489D}.Debug|Any CPU.ActiveCfg = Debug|Any CPU
		{FCB25778-D758-4A31-AF61-B52F215F489D}.Debug|Any CPU.Build.0 = Debug|Any CPU
		{FCB25778-D758-4A31-AF61-B52F215F489D}.Release|Any CPU.ActiveCfg = Release|Any CPU
		{FCB25778-D758-4A31-AF61-B52F215F489D}.Release|Any CPU.Build.0 = Release|Any CPU
		{2C62BC0A-2EB9-4449-825F-D3F444F1CF22}.Debug|Any CPU.ActiveCfg = Debug|Any CPU
		{2C62BC0A-2EB9-4449-825F-D3F444F1CF22}.Debug|Any CPU.Build.0 = Debug|Any CPU
		{2C62BC0A-2EB9-4449-825F-D3F444F1CF22}.Release|Any CPU.ActiveCfg = Release|Any CPU
		{2C62BC0A-2EB9-4449-825F-D3F444F1CF22}.Release|Any CPU.Build.0 = Release|Any CPU
		{4D42DA0A-5E87-4F49-B132-3AE2EF065A92}.Debug|Any CPU.ActiveCfg = Debug|Any CPU
		{4D42DA0A-5E87-4F49-B132-3AE2EF065A92}.Debug|Any CPU.Build.0 = Debug|Any CPU
		{4D42DA0A-5E87-4F49-B132-3AE2EF065A92}.Release|Any CPU.ActiveCfg = Release|Any CPU
		{4D42DA0A-5E87-4F49-B132-3AE2EF065A92}.Release|Any CPU.Build.0 = Release|Any CPU
		{7FAF4FE6-0ECF-4C23-B61F-96C3903362B8}.Debug|Any CPU.ActiveCfg = Debug|Any CPU
		{7FAF4FE6-0ECF-4C23-B61F-96C3903362B8}.Debug|Any CPU.Build.0 = Debug|Any CPU
		{7FAF4FE6-0ECF-4C23-B61F-96C3903362B8}.Release|Any CPU.ActiveCfg = Release|Any CPU
		{7FAF4FE6-0ECF-4C23-B61F-96C3903362B8}.Release|Any CPU.Build.0 = Release|Any CPU
		{55A8F3F1-7051-4FBB-9682-08D3075A3CD0}.Debug|Any CPU.ActiveCfg = Debug|Any CPU
		{55A8F3F1-7051-4FBB-9682-08D3075A3CD0}.Debug|Any CPU.Build.0 = Debug|Any CPU
		{55A8F3F1-7051-4FBB-9682-08D3075A3CD0}.Release|Any CPU.ActiveCfg = Release|Any CPU
		{55A8F3F1-7051-4FBB-9682-08D3075A3CD0}.Release|Any CPU.Build.0 = Release|Any CPU
		{13064DEF-F35A-49AA-98C3-68C77CD90322}.Debug|Any CPU.ActiveCfg = Debug|Any CPU
		{13064DEF-F35A-49AA-98C3-68C77CD90322}.Debug|Any CPU.Build.0 = Debug|Any CPU
		{13064DEF-F35A-49AA-98C3-68C77CD90322}.Release|Any CPU.ActiveCfg = Release|Any CPU
		{13064DEF-F35A-49AA-98C3-68C77CD90322}.Release|Any CPU.Build.0 = Release|Any CPU
		{7CB5A0F7-722A-4CD6-B063-462606748C5B}.Debug|Any CPU.ActiveCfg = Debug|Any CPU
		{7CB5A0F7-722A-4CD6-B063-462606748C5B}.Debug|Any CPU.Build.0 = Debug|Any CPU
		{7CB5A0F7-722A-4CD6-B063-462606748C5B}.Release|Any CPU.ActiveCfg = Release|Any CPU
		{7CB5A0F7-722A-4CD6-B063-462606748C5B}.Release|Any CPU.Build.0 = Release|Any CPU
	EndGlobalSection
	GlobalSection(SolutionProperties) = preSolution
		HideSolutionNode = FALSE
	EndGlobalSection
	GlobalSection(NestedProjects) = preSolution
		{24AD7DAF-65A0-4EF8-A261-A90813E94F80} = {0FDF48C9-75BE-42BC-9F6D-DF148636F074}
		{E6EAA213-2C6D-4815-B185-63FC8490EB45} = {0FDF48C9-75BE-42BC-9F6D-DF148636F074}
		{3DA527D2-361D-4ACF-817C-BD64C5F7AF8D} = {0FDF48C9-75BE-42BC-9F6D-DF148636F074}
		{CD99476F-D013-4184-A879-57B5B90AA85C} = {0FDF48C9-75BE-42BC-9F6D-DF148636F074}
		{2EE921D1-3091-469D-AC3C-6B3A060C836F} = {0FDF48C9-75BE-42BC-9F6D-DF148636F074}
		{7239F95B-9A8C-4963-BF3E-4525460ED70B} = {0FDF48C9-75BE-42BC-9F6D-DF148636F074}
		{99CEEA2B-9BBF-47D8-8650-738EB081521E} = {0FDF48C9-75BE-42BC-9F6D-DF148636F074}
		{42EAED08-5679-4DD9-97B8-B033FB817C3F} = {0FDF48C9-75BE-42BC-9F6D-DF148636F074}
		{2715E94F-F2EB-4CC5-A88F-3809E5BF8686} = {F5B13C03-E742-4C6C-94B0-B3AD8F2D514D}
		{84994A30-06F6-4E72-83B8-EAC13940B3DB} = {F5B13C03-E742-4C6C-94B0-B3AD8F2D514D}
		{1DDF272B-84CC-49E4-9213-9BB6AA68C793} = {F5B13C03-E742-4C6C-94B0-B3AD8F2D514D}
		{90313D6C-DFBC-4AFE-8B10-8611BF1CDD79} = {F5B13C03-E742-4C6C-94B0-B3AD8F2D514D}
		{B2B635E0-C78B-44BE-A203-0C7FFB36D3E0} = {28414C44-B8CF-44FE-8CA4-D7CFF863B31B}
		{77F014CB-8F52-4B20-BAC0-F639A2AC201F} = {28414C44-B8CF-44FE-8CA4-D7CFF863B31B}
		{2E24A190-6DE5-40A5-83B4-8711A45704F8} = {28414C44-B8CF-44FE-8CA4-D7CFF863B31B}
		{68ABEE60-E6BC-4987-9351-EDB5774E57CD} = {39834AF4-E1C2-462F-9653-C2E973640179}
		{7EA965EC-277C-4ACB-BEC9-8FAAF9E42204} = {39834AF4-E1C2-462F-9653-C2E973640179}
		{E448F06E-C6D5-4385-BF65-EAE4549925DC} = {39834AF4-E1C2-462F-9653-C2E973640179}
		{FCB25778-D758-4A31-AF61-B52F215F489D} = {39834AF4-E1C2-462F-9653-C2E973640179}
		{2C62BC0A-2EB9-4449-825F-D3F444F1CF22} = {912875F2-D647-4F28-BCA8-5D4CB29627E7}
		{4D42DA0A-5E87-4F49-B132-3AE2EF065A92} = {912875F2-D647-4F28-BCA8-5D4CB29627E7}
		{7FAF4FE6-0ECF-4C23-B61F-96C3903362B8} = {912875F2-D647-4F28-BCA8-5D4CB29627E7}
		{55A8F3F1-7051-4FBB-9682-08D3075A3CD0} = {DE9A9CE9-BBDB-4BBD-9B13-AD1E6035BAE8}
		{13064DEF-F35A-49AA-98C3-68C77CD90322} = {DE9A9CE9-BBDB-4BBD-9B13-AD1E6035BAE8}
		{7CB5A0F7-722A-4CD6-B063-462606748C5B} = {DE9A9CE9-BBDB-4BBD-9B13-AD1E6035BAE8}
	EndGlobalSection
	GlobalSection(ExtensibilityGlobals) = postSolution
		SolutionGuid = {DC38929C-5559-4802-BDE5-C572AA7F173B}
	EndGlobalSection
EndGlobal
